
Microsoft Visual Studio Solution File, Format Version 12.00
# Visual Studio 2012
Project("{FAE04EC0-301F-11D3-BF4B-00C04F79EFBC}") = "Date", "Date\Date.csproj", "{42FC958C-AFC1-4966-8C00-4D12B0C263D9}"
EndProject
Project("{FAE04EC0-301F-11D3-BF4B-00C04F79EFBC}") = "DateTest", "DateTest\DateTest.csproj", "{52EAAD45-7332-497A-A685-5C99B344A1E1}"
EndProject
Global
	GlobalSection(SolutionConfigurationPlatforms) = preSolution
		Debug|Any CPU = Debug|Any CPU
		Release|Any CPU = Release|Any CPU
	EndGlobalSection
	GlobalSection(ProjectConfigurationPlatforms) = postSolution
		{42FC958C-AFC1-4966-8C00-4D12B0C263D9}.Debug|Any CPU.ActiveCfg = Debug|Any CPU
		{42FC958C-AFC1-4966-8C00-4D12B0C263D9}.Debug|Any CPU.Build.0 = Debug|Any CPU
		{42FC958C-AFC1-4966-8C00-4D12B0C263D9}.Release|Any CPU.ActiveCfg = Release|Any CPU
		{42FC958C-AFC1-4966-8C00-4D12B0C263D9}.Release|Any CPU.Build.0 = Release|Any CPU
		{52EAAD45-7332-497A-A685-5C99B344A1E1}.Debug|Any CPU.ActiveCfg = Debug|Any CPU
		{52EAAD45-7332-497A-A685-5C99B344A1E1}.Debug|Any CPU.Build.0 = Debug|Any CPU
		{52EAAD45-7332-497A-A685-5C99B344A1E1}.Release|Any CPU.ActiveCfg = Release|Any CPU
		{52EAAD45-7332-497A-A685-5C99B344A1E1}.Release|Any CPU.Build.0 = Release|Any CPU
	EndGlobalSection
	GlobalSection(SolutionProperties) = preSolution
		HideSolutionNode = FALSE
	EndGlobalSection
EndGlobal
